
Microsoft Visual Studio Solution File, Format Version 12.00
Project("{FAE04EC0-301F-11D3-BF4B-00C04F79EFBC}") = "ActivityService", "ActivityService\ActivityService.csproj", "{DEFA3A04-7318-41DB-AD9F-869950CEA345}"
EndProject
Project("{FAE04EC0-301F-11D3-BF4B-00C04F79EFBC}") = "ConceptTest", "ConceptTest\ConceptTest.csproj", "{4F681DD4-B534-431F-B776-D7EC2D3CB135}"
EndProject
Global
	GlobalSection(SolutionConfigurationPlatforms) = preSolution
		Debug|Any CPU = Debug|Any CPU
		Release|Any CPU = Release|Any CPU
	EndGlobalSection
	GlobalSection(ProjectConfigurationPlatforms) = postSolution
		{DEFA3A04-7318-41DB-AD9F-869950CEA345}.Debug|Any CPU.ActiveCfg = Debug|Any CPU
		{DEFA3A04-7318-41DB-AD9F-869950CEA345}.Debug|Any CPU.Build.0 = Debug|Any CPU
		{DEFA3A04-7318-41DB-AD9F-869950CEA345}.Release|Any CPU.ActiveCfg = Release|Any CPU
		{DEFA3A04-7318-41DB-AD9F-869950CEA345}.Release|Any CPU.Build.0 = Release|Any CPU
		{4F681DD4-B534-431F-B776-D7EC2D3CB135}.Debug|Any CPU.ActiveCfg = Debug|Any CPU
		{4F681DD4-B534-431F-B776-D7EC2D3CB135}.Debug|Any CPU.Build.0 = Debug|Any CPU
		{4F681DD4-B534-431F-B776-D7EC2D3CB135}.Release|Any CPU.ActiveCfg = Release|Any CPU
		{4F681DD4-B534-431F-B776-D7EC2D3CB135}.Release|Any CPU.Build.0 = Release|Any CPU
	EndGlobalSection
EndGlobal
